Microsoft Visual Studio Solution File, Format Version 12.00
# Visual Studio Version 17
VisualStudioVersion = 17.5.2.0
MinimumVisualStudioVersion = 10.0.40219.1
Project("{FAE04EC0-301F-11D3-BF4B-00C04F79EFBC}") = "LunkvayAPI", "mainapi\LunkvayAPI.csproj", "{95543AB2-722D-416B-B831-C68A118CEFD2}"
EndProject
Project("{E53339B2-1760-4266-BCC7-CA923CBCF16C}") = "docker-compose", "docker-compose.dcproj", "{C7930628-4B6D-4489-A28B-5890E8F0314C}"
EndProject
Global
	GlobalSection(SolutionConfigurationPlatforms) = preSolution
		Debug|Any CPU = Debug|Any CPU
		Release|Any CPU = Release|Any CPU
	EndGlobalSection
	GlobalSection(ProjectConfigurationPlatforms) = postSolution
		{95543AB2-722D-416B-B831-C68A118CEFD2}.Debug|Any CPU.ActiveCfg = Debug|Any CPU
		{95543AB2-722D-416B-B831-C68A118CEFD2}.Debug|Any CPU.Build.0 = Debug|Any CPU
		{95543AB2-722D-416B-B831-C68A118CEFD2}.Release|Any CPU.ActiveCfg = Release|Any CPU
		{95543AB2-722D-416B-B831-C68A118CEFD2}.Release|Any CPU.Build.0 = Release|Any CPU
		{C7930628-4B6D-4489-A28B-5890E8F0314C}.Debug|Any CPU.ActiveCfg = Debug|Any CPU
		{C7930628-4B6D-4489-A28B-5890E8F0314C}.Debug|Any CPU.Build.0 = Debug|Any CPU
		{C7930628-4B6D-4489-A28B-5890E8F0314C}.Release|Any CPU.ActiveCfg = Release|Any CPU
		{C7930628-4B6D-4489-A28B-5890E8F0314C}.Release|Any CPU.Build.0 = Release|Any CPU
	EndGlobalSection
	GlobalSection(SolutionProperties) = preSolution
		HideSolutionNode = FALSE
	EndGlobalSection
	GlobalSection(ExtensibilityGlobals) = postSolution
		SolutionGuid = {53F0B06A-75DC-4FCB-B768-2999091B38ED}
	EndGlobalSection
EndGlobal
