Microsoft Visual Studio Solution File, Format Version 12.00
# Visual Studio Version 17
VisualStudioVersion = 17.5.2.0
MinimumVisualStudioVersion = 10.0.40219.1
Project("{FAE04EC0-301F-11D3-BF4B-00C04F79EFBC}") = "lunkvay", "lunkvay.csproj", "{40491BD7-E66E-0CDB-4CC4-9CF933D31B5E}"
EndProject
Global
	GlobalSection(SolutionConfigurationPlatforms) = preSolution
		Debug|Any CPU = Debug|Any CPU
		Release|Any CPU = Release|Any CPU
	EndGlobalSection
	GlobalSection(ProjectConfigurationPlatforms) = postSolution
		{40491BD7-E66E-0CDB-4CC4-9CF933D31B5E}.Debug|Any CPU.ActiveCfg = Debug|Any CPU
		{40491BD7-E66E-0CDB-4CC4-9CF933D31B5E}.Debug|Any CPU.Build.0 = Debug|Any CPU
		{40491BD7-E66E-0CDB-4CC4-9CF933D31B5E}.Release|Any CPU.ActiveCfg = Release|Any CPU
		{40491BD7-E66E-0CDB-4CC4-9CF933D31B5E}.Release|Any CPU.Build.0 = Release|Any CPU
	EndGlobalSection
	GlobalSection(SolutionProperties) = preSolution
		HideSolutionNode = FALSE
	EndGlobalSection
	GlobalSection(ExtensibilityGlobals) = postSolution
		SolutionGuid = {3AF1903D-02DD-4BFD-8AE6-4717F96ACD28}
	EndGlobalSection
EndGlobal
